
Microsoft Visual Studio Solution File, Format Version 12.00
# Visual Studio Version 17
VisualStudioVersion = 17.4.33205.214
MinimumVisualStudioVersion = 10.0.40219.1
Project("{FAE04EC0-301F-11D3-BF4B-00C04F79EFBC}") = "BankaOtomasyonu", "BankaOtomasyonu.csproj", "{6785E9A6-55C7-43BE-BD05-40FF387CEE85}"
EndProject
Global
	GlobalSection(SolutionConfigurationPlatforms) = preSolution
		Debug|Any CPU = Debug|Any CPU
		Release|Any CPU = Release|Any CPU
	EndGlobalSection
	GlobalSection(ProjectConfigurationPlatforms) = postSolution
		{6785E9A6-55C7-43BE-BD05-40FF387CEE85}.Debug|Any CPU.ActiveCfg = Debug|Any CPU
		{6785E9A6-55C7-43BE-BD05-40FF387CEE85}.Debug|Any CPU.Build.0 = Debug|Any CPU
		{6785E9A6-55C7-43BE-BD05-40FF387CEE85}.Release|Any CPU.ActiveCfg = Release|Any CPU
		{6785E9A6-55C7-43BE-BD05-40FF387CEE85}.Release|Any CPU.Build.0 = Release|Any CPU
	EndGlobalSection
	GlobalSection(SolutionProperties) = preSolution
		HideSolutionNode = FALSE
	EndGlobalSection
	GlobalSection(ExtensibilityGlobals) = postSolution
		SolutionGuid = {9C1C4BD0-88A6-4367-A248-09CD72A943A5}
	EndGlobalSection
EndGlobal
